{
  "dependencies": {
    "gm": {
      "version": "http://npm.cloud.corp.dig.com/gm/-/gm-1.18.1.tgz",
      "dependencies": {
        "debug": {
          "version": "http://npm.cloud.corp.dig.com/debug/-/debug-2.2.0.tgz",
          "dependencies": {
            "ms": {
              "version": "http://npm.cloud.corp.dig.com/ms/-/ms-0.7.1.tgz"
            }
          }
        },
        "array-series": {
          "version": "http://npm.cloud.corp.dig.com/array-series/-/array-series-0.1.5.tgz"
        },
        "array-parallel": {
          "version": "http://npm.cloud.corp.dig.com/array-parallel/-/array-parallel-0.1.3.tgz"
        }
      }
    },
    "gridfs-stream": {
      "version": "http://npm.cloud.corp.dig.com/gridfs-stream/-/gridfs-stream-0.5.3.tgz"
    },
    "mkdirp": {
      "version": "http://npm.cloud.corp.dig.com/mkdirp/-/mkdirp-0.3.5.tgz"
    }
  }
}
