{
  "dependencies": {
    "he": {
      "version": "http://npm.cloud.corp.dig.com/he/-/he-1.1.0.tgz"
    },
    "iconv-lite": {
      "version": "http://npm.cloud.corp.dig.com/iconv-lite/-/iconv-lite-0.4.13.tgz"
    },
    "ip-range-check": {
      "version": "http://npm.cloud.corp.dig.com/ip-range-check/-/ip-range-check-0.0.1.tgz",
      "dependencies": {
        "ipaddr.js": {
          "version": "http://npm.cloud.corp.dig.com/ipaddr.js/-/ipaddr.js-1.1.0.tgz"
        }
      }
    }
  }
}
