{
  "dependencies": {
    "connect": {
      "version": "http://npm.cloud.corp.dig.com/connect/-/connect-2.7.10.tgz",
      "dependencies": {
        "qs": {
          "version": "http://npm.cloud.corp.dig.com/qs/-/qs-0.6.5.tgz"
        },
        "formidable": {
          "version": "http://npm.cloud.corp.dig.com/formidable/-/formidable-1.0.14.tgz"
        },
        "cookie-signature": {
          "version": "http://npm.cloud.corp.dig.com/cookie-signature/-/cookie-signature-1.0.1.tgz"
        },
        "buffer-crc32": {
          "version": "http://npm.cloud.corp.dig.com/buffer-crc32/-/buffer-crc32-0.2.1.tgz"
        },
        "cookie": {
          "version": "http://npm.cloud.corp.dig.com/cookie/-/cookie-0.0.5.tgz"
        },
        "send": {
          "version": "http://npm.cloud.corp.dig.com/send/-/send-0.1.0.tgz",
          "dependencies": {
            "mime": {
              "version": "http://npm.cloud.corp.dig.com/mime/-/mime-1.2.6.tgz"
            },
            "range-parser": {
              "version": "http://npm.cloud.corp.dig.com/range-parser/-/range-parser-0.0.4.tgz"
            }
          }
        },
        "bytes": {
          "version": "http://npm.cloud.corp.dig.com/bytes/-/bytes-0.2.0.tgz"
        },
        "fresh": {
          "version": "http://npm.cloud.corp.dig.com/fresh/-/fresh-0.1.0.tgz"
        },
        "pause": {
          "version": "http://npm.cloud.corp.dig.com/pause/-/pause-0.0.1.tgz"
        },
        "debug": {
          "version": "http://npm.cloud.corp.dig.com/debug/-/debug-2.2.0.tgz",
          "dependencies": {
            "ms": {
              "version": "http://npm.cloud.corp.dig.com/ms/-/ms-0.7.1.tgz"
            }
          }
        }
      }
    },
    "querystring": {
      "version": "http://npm.cloud.corp.dig.com/querystring/-/querystring-0.2.0.tgz"
    },
    "xml-crypto": {
      "version": "http://npm.cloud.corp.dig.com/xml-crypto/-/xml-crypto-0.6.0.tgz",
      "dependencies": {
        "xpath.js": {
          "version": "http://npm.cloud.corp.dig.com/xpath.js/-/xpath.js-1.0.6.tgz"
        }
      }
    },
    "xml-encryption": {
      "version": "http://npm.cloud.corp.dig.com/xml-encryption/-/xml-encryption-0.7.2.tgz",
      "dependencies": {
        "ejs": {
          "version": "http://npm.cloud.corp.dig.com/ejs/-/ejs-0.8.8.tgz"
        },
        "async": {
          "version": "http://npm.cloud.corp.dig.com/async/-/async-0.2.10.tgz"
        },
        "xpath": {
          "version": "http://npm.cloud.corp.dig.com/xpath/-/xpath-0.0.5.tgz"
        },
        "node-forge": {
          "version": "http://npm.cloud.corp.dig.com/node-forge/-/node-forge-0.2.24.tgz"
        }
      }
    },
    "xml2js": {
      "version": "http://npm.cloud.corp.dig.com/xml2js/-/xml2js-0.2.0.tgz",
      "dependencies": {
        "sax": {
          "version": "http://npm.cloud.corp.dig.com/sax/-/sax-1.1.3.tgz"
        }
      }
    },
    "xmlbuilder": {
      "version": "http://npm.cloud.corp.dig.com/xmlbuilder/-/xmlbuilder-2.6.4.tgz",
      "dependencies": {
        "lodash": {
          "version": "http://npm.cloud.corp.dig.com/lodash/-/lodash-3.10.1.tgz"
        }
      }
    },
    "xmldom": {
      "version": "http://npm.cloud.corp.dig.com/xmldom/-/xmldom-0.1.19.tgz"
    }
  }
}
