{
  "dependencies": {
    "redis": {
      "version": "http://npm.cloud.corp.dig.com/redis/-/redis-2.2.5.tgz",
      "dependencies": {
        "double-ended-queue": {
          "version": "http://npm.cloud.corp.dig.com/double-ended-queue/-/double-ended-queue-2.1.0-0.tgz"
        }
      }
    }
  }
}
